
Microsoft Visual Studio Solution File, Format Version 12.00
# Visual Studio 15
VisualStudioVersion = 15.0.28010.2046
MinimumVisualStudioVersion = 10.0.40219.1
Project("{FAE04EC0-301F-11D3-BF4B-00C04F79EFBC}") = "07-ApiRest-Personas_API", "07-ApiRest-Personas_API\07-ApiRest-Personas_API.csproj", "{D3ECD4BB-7C29-4D30-9F1B-41CE4A23C8ED}"
EndProject
Project("{FAE04EC0-301F-11D3-BF4B-00C04F79EFBC}") = "07-ApiRest-Personas_DAL", "07-ApiRest-Personas_DAL\07-ApiRest-Personas_DAL.csproj", "{9AB721DD-0F65-4D89-8585-9410D3632420}"
EndProject
Project("{FAE04EC0-301F-11D3-BF4B-00C04F79EFBC}") = "07-ApiRest-Personas_BL", "07-ApiRest-Personas_BL\07-ApiRest-Personas_BL.csproj", "{986ED256-FE70-4D81-B67D-DB084A10B861}"
EndProject
Project("{FAE04EC0-301F-11D3-BF4B-00C04F79EFBC}") = "07-ApiRest-Personas_Entities", "07-ApiRest-Personas_Entities\07-ApiRest-Personas_Entities.csproj", "{C9F6F4F6-2631-48E3-8D8B-5BBD0B3E72DE}"
EndProject
Global
	GlobalSection(SolutionConfigurationPlatforms) = preSolution
		Debug|Any CPU = Debug|Any CPU
		Release|Any CPU = Release|Any CPU
	EndGlobalSection
	GlobalSection(ProjectConfigurationPlatforms) = postSolution
		{D3ECD4BB-7C29-4D30-9F1B-41CE4A23C8ED}.Debug|Any CPU.ActiveCfg = Debug|Any CPU
		{D3ECD4BB-7C29-4D30-9F1B-41CE4A23C8ED}.Debug|Any CPU.Build.0 = Debug|Any CPU
		{D3ECD4BB-7C29-4D30-9F1B-41CE4A23C8ED}.Release|Any CPU.ActiveCfg = Release|Any CPU
		{D3ECD4BB-7C29-4D30-9F1B-41CE4A23C8ED}.Release|Any CPU.Build.0 = Release|Any CPU
		{9AB721DD-0F65-4D89-8585-9410D3632420}.Debug|Any CPU.ActiveCfg = Debug|Any CPU
		{9AB721DD-0F65-4D89-8585-9410D3632420}.Debug|Any CPU.Build.0 = Debug|Any CPU
		{9AB721DD-0F65-4D89-8585-9410D3632420}.Release|Any CPU.ActiveCfg = Release|Any CPU
		{9AB721DD-0F65-4D89-8585-9410D3632420}.Release|Any CPU.Build.0 = Release|Any CPU
		{986ED256-FE70-4D81-B67D-DB084A10B861}.Debug|Any CPU.ActiveCfg = Debug|Any CPU
		{986ED256-FE70-4D81-B67D-DB084A10B861}.Debug|Any CPU.Build.0 = Debug|Any CPU
		{986ED256-FE70-4D81-B67D-DB084A10B861}.Release|Any CPU.ActiveCfg = Release|Any CPU
		{986ED256-FE70-4D81-B67D-DB084A10B861}.Release|Any CPU.Build.0 = Release|Any CPU
		{C9F6F4F6-2631-48E3-8D8B-5BBD0B3E72DE}.Debug|Any CPU.ActiveCfg = Debug|Any CPU
		{C9F6F4F6-2631-48E3-8D8B-5BBD0B3E72DE}.Debug|Any CPU.Build.0 = Debug|Any CPU
		{C9F6F4F6-2631-48E3-8D8B-5BBD0B3E72DE}.Release|Any CPU.ActiveCfg = Release|Any CPU
		{C9F6F4F6-2631-48E3-8D8B-5BBD0B3E72DE}.Release|Any CPU.Build.0 = Release|Any CPU
	EndGlobalSection
	GlobalSection(SolutionProperties) = preSolution
		HideSolutionNode = FALSE
	EndGlobalSection
	GlobalSection(ExtensibilityGlobals) = postSolution
		SolutionGuid = {BC4D964D-70E9-4732-B7BA-50260458A750}
	EndGlobalSection
EndGlobal
